
Microsoft Visual Studio Solution File, Format Version 12.00
# Visual Studio Version 16
VisualStudioVersion = 16.0.30717.126
MinimumVisualStudioVersion = 10.0.40219.1
Project("{2150E333-8FDC-42A3-9474-1A3956D46DE8}") = "src", "src", "{00E6682A-EBAF-4557-AEDE-61B39F4F7CAF}"
EndProject
Project("{2150E333-8FDC-42A3-9474-1A3956D46DE8}") = "Modules", "Modules", "{5587BBDB-2A50-4EA9-9ADF-CF76CEF652B6}"
EndProject
Project("{2150E333-8FDC-42A3-9474-1A3956D46DE8}") = "Presentation", "Presentation", "{2F857AC8-7E27-4ADB-B208-469B8B216A58}"
EndProject
Project("{2150E333-8FDC-42A3-9474-1A3956D46DE8}") = "Test", "Test", "{AA9E8A90-5960-4093-925A-EDA8BB01BD25}"
EndProject
Project("{2150E333-8FDC-42A3-9474-1A3956D46DE8}") = "Tools", "Tools", "{65749F0D-FEB2-4AB2-A8E6-1C61EE62765D}"
EndProject
Project("{9A19103F-16F7-4668-BE54-9A1E7A4F7556}") = "ICM.Tools", "src\Tools\ICM.Tools\ICM.Tools.csproj", "{2DAF5B50-FCD4-4602-B6F9-0DE012C52432}"
EndProject
Project("{9A19103F-16F7-4668-BE54-9A1E7A4F7556}") = "ICM.Tools.WebTools", "src\Tools\ICM.Tools.WebTools\ICM.Tools.WebTools.csproj", "{F57D00FD-3C92-47C9-B2A1-D9348C18CEB8}"
EndProject
Project("{9A19103F-16F7-4668-BE54-9A1E7A4F7556}") = "ICM.WSI.TaxJar", "src\Tools\ICM.WSI.TaxJar\ICM.WSI.TaxJar.csproj", "{EAE64DE8-8F46-4E23-A7F9-9F06BB412779}"
EndProject
Project("{FAE04EC0-301F-11D3-BF4B-00C04F79EFBC}") = "ICM.Taxes.Calculator", "src\Modules\Taxes\ICM.Taxes.Calculator\ICM.Taxes.Calculator.csproj", "{5124EF45-CF1F-4D04-8D71-BC4A9AD2E0F2}"
EndProject
Project("{FAE04EC0-301F-11D3-BF4B-00C04F79EFBC}") = "ICM.Taxes", "src\Test\ICM.Modules.Taxes\ICM.Taxes.csproj", "{5EE73EFB-B7E7-4C3C-9BAD-4ECC2BF5BC0E}"
EndProject
Global
	GlobalSection(SolutionConfigurationPlatforms) = preSolution
		Debug|Any CPU = Debug|Any CPU
		Release|Any CPU = Release|Any CPU
	EndGlobalSection
	GlobalSection(ProjectConfigurationPlatforms) = postSolution
		{2DAF5B50-FCD4-4602-B6F9-0DE012C52432}.Debug|Any CPU.ActiveCfg = Debug|Any CPU
		{2DAF5B50-FCD4-4602-B6F9-0DE012C52432}.Debug|Any CPU.Build.0 = Debug|Any CPU
		{2DAF5B50-FCD4-4602-B6F9-0DE012C52432}.Release|Any CPU.ActiveCfg = Release|Any CPU
		{2DAF5B50-FCD4-4602-B6F9-0DE012C52432}.Release|Any CPU.Build.0 = Release|Any CPU
		{F57D00FD-3C92-47C9-B2A1-D9348C18CEB8}.Debug|Any CPU.ActiveCfg = Debug|Any CPU
		{F57D00FD-3C92-47C9-B2A1-D9348C18CEB8}.Debug|Any CPU.Build.0 = Debug|Any CPU
		{F57D00FD-3C92-47C9-B2A1-D9348C18CEB8}.Release|Any CPU.ActiveCfg = Release|Any CPU
		{F57D00FD-3C92-47C9-B2A1-D9348C18CEB8}.Release|Any CPU.Build.0 = Release|Any CPU
		{EAE64DE8-8F46-4E23-A7F9-9F06BB412779}.Debug|Any CPU.ActiveCfg = Debug|Any CPU
		{EAE64DE8-8F46-4E23-A7F9-9F06BB412779}.Debug|Any CPU.Build.0 = Debug|Any CPU
		{EAE64DE8-8F46-4E23-A7F9-9F06BB412779}.Release|Any CPU.ActiveCfg = Release|Any CPU
		{EAE64DE8-8F46-4E23-A7F9-9F06BB412779}.Release|Any CPU.Build.0 = Release|Any CPU
		{5124EF45-CF1F-4D04-8D71-BC4A9AD2E0F2}.Debug|Any CPU.ActiveCfg = Debug|Any CPU
		{5124EF45-CF1F-4D04-8D71-BC4A9AD2E0F2}.Debug|Any CPU.Build.0 = Debug|Any CPU
		{5124EF45-CF1F-4D04-8D71-BC4A9AD2E0F2}.Release|Any CPU.ActiveCfg = Release|Any CPU
		{5124EF45-CF1F-4D04-8D71-BC4A9AD2E0F2}.Release|Any CPU.Build.0 = Release|Any CPU
		{5EE73EFB-B7E7-4C3C-9BAD-4ECC2BF5BC0E}.Debug|Any CPU.ActiveCfg = Debug|Any CPU
		{5EE73EFB-B7E7-4C3C-9BAD-4ECC2BF5BC0E}.Debug|Any CPU.Build.0 = Debug|Any CPU
		{5EE73EFB-B7E7-4C3C-9BAD-4ECC2BF5BC0E}.Release|Any CPU.ActiveCfg = Release|Any CPU
		{5EE73EFB-B7E7-4C3C-9BAD-4ECC2BF5BC0E}.Release|Any CPU.Build.0 = Release|Any CPU
	EndGlobalSection
	GlobalSection(SolutionProperties) = preSolution
		HideSolutionNode = FALSE
	EndGlobalSection
	GlobalSection(NestedProjects) = preSolution
		{5587BBDB-2A50-4EA9-9ADF-CF76CEF652B6} = {00E6682A-EBAF-4557-AEDE-61B39F4F7CAF}
		{2F857AC8-7E27-4ADB-B208-469B8B216A58} = {00E6682A-EBAF-4557-AEDE-61B39F4F7CAF}
		{AA9E8A90-5960-4093-925A-EDA8BB01BD25} = {00E6682A-EBAF-4557-AEDE-61B39F4F7CAF}
		{65749F0D-FEB2-4AB2-A8E6-1C61EE62765D} = {00E6682A-EBAF-4557-AEDE-61B39F4F7CAF}
		{2DAF5B50-FCD4-4602-B6F9-0DE012C52432} = {65749F0D-FEB2-4AB2-A8E6-1C61EE62765D}
		{F57D00FD-3C92-47C9-B2A1-D9348C18CEB8} = {65749F0D-FEB2-4AB2-A8E6-1C61EE62765D}
		{EAE64DE8-8F46-4E23-A7F9-9F06BB412779} = {65749F0D-FEB2-4AB2-A8E6-1C61EE62765D}
		{5124EF45-CF1F-4D04-8D71-BC4A9AD2E0F2} = {5587BBDB-2A50-4EA9-9ADF-CF76CEF652B6}
		{5EE73EFB-B7E7-4C3C-9BAD-4ECC2BF5BC0E} = {AA9E8A90-5960-4093-925A-EDA8BB01BD25}
	EndGlobalSection
	GlobalSection(ExtensibilityGlobals) = postSolution
		SolutionGuid = {65646BB1-2C25-4082-AB8F-015AB9CEBA34}
	EndGlobalSection
EndGlobal
